
Microsoft Visual Studio Solution File, Format Version 12.00
# Visual Studio 15
VisualStudioVersion = 15.0.27130.2027
MinimumVisualStudioVersion = 10.0.40219.1
Project("{FAE04EC0-301F-11D3-BF4B-00C04F79EFBC}") = "PCM.Groups.Core", "PCM.Groups.Core\PCM.Groups.Core.csproj", "{9439D14A-8A01-41CA-B5DA-35E62EF76131}"
EndProject
Global
	GlobalSection(SolutionConfigurationPlatforms) = preSolution
		Debug|Any CPU = Debug|Any CPU
		Release|Any CPU = Release|Any CPU
	EndGlobalSection
	GlobalSection(ProjectConfigurationPlatforms) = postSolution
		{9439D14A-8A01-41CA-B5DA-35E62EF76131}.Debug|Any CPU.ActiveCfg = Debug|Any CPU
		{9439D14A-8A01-41CA-B5DA-35E62EF76131}.Debug|Any CPU.Build.0 = Debug|Any CPU
		{9439D14A-8A01-41CA-B5DA-35E62EF76131}.Release|Any CPU.ActiveCfg = Release|Any CPU
		{9439D14A-8A01-41CA-B5DA-35E62EF76131}.Release|Any CPU.Build.0 = Release|Any CPU
	EndGlobalSection
	GlobalSection(SolutionProperties) = preSolution
		HideSolutionNode = FALSE
	EndGlobalSection
	GlobalSection(ExtensibilityGlobals) = postSolution
		SolutionGuid = {6B42DE88-029A-4AB8-9A12-EE7E38E7D92F}
	EndGlobalSection
EndGlobal
