
Microsoft Visual Studio Solution File, Format Version 12.00
# Visual Studio 15
VisualStudioVersion = 15.0.27130.2027
MinimumVisualStudioVersion = 10.0.40219.1
Project("{2150E333-8FDC-42A3-9474-1A3956D46DE8}") = "src", "src", "{4CF1604A-6D73-44F6-969D-49828BDF41DD}"
EndProject
Project("{2150E333-8FDC-42A3-9474-1A3956D46DE8}") = "test", "test", "{1D450C3B-F1B5-4616-96F9-7B54DAC5C84E}"
EndProject
Project("{FAE04EC0-301F-11D3-BF4B-00C04F79EFBC}") = "PCM.Groups.Core", "src\PCM.Groups.Core\PCM.Groups.Core.csproj", "{72E7CD34-86D1-440B-A4A6-059D742AEF76}"
EndProject
Project("{FAE04EC0-301F-11D3-BF4B-00C04F79EFBC}") = "PCM.Groups.Core.Test", "PCM.Groups.Core.Test\PCM.Groups.Core.Test.csproj", "{C89F4404-7D21-4031-960E-D8DC26DC124D}"
EndProject
Global
	GlobalSection(SolutionConfigurationPlatforms) = preSolution
		Debug|Any CPU = Debug|Any CPU
		Release|Any CPU = Release|Any CPU
	EndGlobalSection
	GlobalSection(ProjectConfigurationPlatforms) = postSolution
		{72E7CD34-86D1-440B-A4A6-059D742AEF76}.Debug|Any CPU.ActiveCfg = Debug|Any CPU
		{72E7CD34-86D1-440B-A4A6-059D742AEF76}.Debug|Any CPU.Build.0 = Debug|Any CPU
		{72E7CD34-86D1-440B-A4A6-059D742AEF76}.Release|Any CPU.ActiveCfg = Release|Any CPU
		{72E7CD34-86D1-440B-A4A6-059D742AEF76}.Release|Any CPU.Build.0 = Release|Any CPU
		{C89F4404-7D21-4031-960E-D8DC26DC124D}.Debug|Any CPU.ActiveCfg = Debug|Any CPU
		{C89F4404-7D21-4031-960E-D8DC26DC124D}.Debug|Any CPU.Build.0 = Debug|Any CPU
		{C89F4404-7D21-4031-960E-D8DC26DC124D}.Release|Any CPU.ActiveCfg = Release|Any CPU
		{C89F4404-7D21-4031-960E-D8DC26DC124D}.Release|Any CPU.Build.0 = Release|Any CPU
	EndGlobalSection
	GlobalSection(SolutionProperties) = preSolution
		HideSolutionNode = FALSE
	EndGlobalSection
	GlobalSection(NestedProjects) = preSolution
		{72E7CD34-86D1-440B-A4A6-059D742AEF76} = {4CF1604A-6D73-44F6-969D-49828BDF41DD}
		{C89F4404-7D21-4031-960E-D8DC26DC124D} = {1D450C3B-F1B5-4616-96F9-7B54DAC5C84E}
	EndGlobalSection
	GlobalSection(ExtensibilityGlobals) = postSolution
		SolutionGuid = {6B42DE88-029A-4AB8-9A12-EE7E38E7D92F}
	EndGlobalSection
EndGlobal
